// !$*UTF8*$!
{
	archiveVersion = 1;
	classes = {
	};
	objectVersion = 46;
	objects = {

/* Begin PBXBuildFile section */
		84013F6D1D60723A0090909F /* TagTableViewCell.swift in Sources */ = {isa = PBXBuildFile; fileRef = 84013F6C1D60723A0090909F /* TagTableViewCell.swift */; };
		84013F6F1D6073A40090909F /* Tag.swift in Sources */ = {isa = PBXBuildFile; fileRef = 84013F6E1D6073A40090909F /* Tag.swift */; };
		84348E4B1D66EF16004261EB /* Main.storyboard in Resources */ = {isa = PBXBuildFile; fileRef = 84348E491D66EF16004261EB /* Main.storyboard */; };
		8495918A1D607ADA0035C811 /* null.jpg in Resources */ = {isa = PBXBuildFile; fileRef = 849591891D607ADA0035C811 /* null.jpg */; };
		84FCFB841D5D66E600B5C8D9 /* AppDelegate.swift in Sources */ = {isa = PBXBuildFile; fileRef = 84FCFB831D5D66E600B5C8D9 /* AppDelegate.swift */; };
		84FCFB861D5D66E600B5C8D9 /* ViewController.swift in Sources */ = {isa = PBXBuildFile; fileRef = 84FCFB851D5D66E600B5C8D9 /* ViewController.swift */; };
		84FCFB8B1D5D66E600B5C8D9 /* Assets.xcassets in Resources */ = {isa = PBXBuildFile; fileRef = 84FCFB8A1D5D66E600B5C8D9 /* Assets.xcassets */; };
		84FCFB8E1D5D66E600B5C8D9 /* LaunchScreen.storyboard in Resources */ = {isa = PBXBuildFile; fileRef = 84FCFB8C1D5D66E600B5C8D9 /* LaunchScreen.storyboard */; };
		84FCFB961D5D66FE00B5C8D9 /* CoreBluetooth.framework in Frameworks */ = {isa = PBXBuildFile; fileRef = 84FCFB951D5D66FE00B5C8D9 /* CoreBluetooth.framework */; };
/* End PBXBuildFile section */

/* Begin PBXFileReference section */
		84013F6C1D60723A0090909F /* TagTableViewCell.swift */ = {isa = PBXFileReference; fileEncoding = 4; lastKnownFileType = sourcecode.swift; name = TagTableViewCell.swift; path = ../TagTableViewCell.swift; sourceTree = "<group>"; };
		84013F6E1D6073A40090909F /* Tag.swift */ = {isa = PBXFileReference; fileEncoding = 4; lastKnownFileType = sourcecode.swift; name = Tag.swift; path = ../Tag.swift; sourceTree = "<group>"; };
		84348E4A1D66EF16004261EB /* Base */ = {isa = PBXFileReference; lastKnownFileType = file.storyboard; name = Base; path = Base.lproj/Main.storyboard; sourceTree = "<group>"; };
		849591891D607ADA0035C811 /* null.jpg */ = {isa = PBXFileReference; lastKnownFileType = image.jpeg; name = null.jpg; path = ../../../../Desktop/null.jpg; sourceTree = "<group>"; };
		84FCFB801D5D66E600B5C8D9 /* getlistble.app */ = {isa = PBXFileReference; explicitFileType = wrapper.application; includeInIndex = 0; path = getlistble.app; sourceTree = BUILT_PRODUCTS_DIR; };
		84FCFB831D5D66E600B5C8D9 /* AppDelegate.swift */ = {isa = PBXFileReference; lastKnownFileType = sourcecode.swift; path = AppDelegate.swift; sourceTree = "<group>"; };
		84FCFB851D5D66E600B5C8D9 /* ViewController.swift */ = {isa = PBXFileReference; lastKnownFileType = sourcecode.swift; path = ViewController.swift; sourceTree = "<group>"; };
		84FCFB8A1D5D66E600B5C8D9 /* Assets.xcassets */ = {isa = PBXFileReference; lastKnownFileType = folder.assetcatalog; path = Assets.xcassets; sourceTree = "<group>"; };
		84FCFB8D1D5D66E600B5C8D9 /* Base */ = {isa = PBXFileReference; lastKnownFileType = file.storyboard; name = Base; path = Base.lproj/LaunchScreen.storyboard; sourceTree = "<group>"; };
		84FCFB8F1D5D66E600B5C8D9 /* Info.plist */ = {isa = PBXFileReference; lastKnownFileType = text.plist.xml; path = Info.plist; sourceTree = "<group>"; };
		84FCFB951D5D66FE00B5C8D9 /* CoreBluetooth.framework */ = {isa = PBXFileReference; lastKnownFileType = wrapper.framework; name = CoreBluetooth.framework; path = System/Library/Frameworks/CoreBluetooth.framework; sourceTree = SDKROOT; };
/* End PBXFileReference section */

/* Begin PBXFrameworksBuildPhase section */
		84FCFB7D1D5D66E600B5C8D9 /* Frameworks */ = {
			isa = PBXFrameworksBuildPhase;
			buildActionMask = 2147483647;
			files = (
				84FCFB961D5D66FE00B5C8D9 /* CoreBluetooth.framework in Frameworks */,
			);
			runOnlyForDeploymentPostprocessing = 0;
		};
/* End PBXFrameworksBuildPhase section */

/* Begin PBXGroup section */
		84FCFB771D5D66E600B5C8D9 = {
			isa = PBXGroup;
			children = (
				84FCFB951D5D66FE00B5C8D9 /* CoreBluetooth.framework */,
				84FCFB821D5D66E600B5C8D9 /* getlistble */,
				84FCFB811D5D66E600B5C8D9 /* Products */,
			);
			sourceTree = "<group>";
		};
		84FCFB811D5D66E600B5C8D9 /* Products */ = {
			isa = PBXGroup;
			children = (
				84FCFB801D5D66E600B5C8D9 /* getlistble.app */,
			);
			name = Products;
			sourceTree = "<group>";
		};
		84FCFB821D5D66E600B5C8D9 /* getlistble */ = {
			isa = PBXGroup;
			children = (
				84013F6E1D6073A40090909F /* Tag.swift */,
				84013F6C1D60723A0090909F /* TagTableViewCell.swift */,
				84FCFB831D5D66E600B5C8D9 /* AppDelegate.swift */,
				84FCFB851D5D66E600B5C8D9 /* ViewController.swift */,
				849591891D607ADA0035C811 /* null.jpg */,
				84FCFB8A1D5D66E600B5C8D9 /* Assets.xcassets */,
				84348E491D66EF16004261EB /* Main.storyboard */,
				84FCFB8C1D5D66E600B5C8D9 /* LaunchScreen.storyboard */,
				84FCFB8F1D5D66E600B5C8D9 /* Info.plist */,
			);
			path = getlistble;
			sourceTree = "<group>";
		};
/* End PBXGroup section */

/* Begin PBXNativeTarget section */
		84FCFB7F1D5D66E600B5C8D9 /* getlistble */ = {
			isa = PBXNativeTarget;
			buildConfigurationList = 84FCFB921D5D66E600B5C8D9 /* Build configuration list for PBXNativeTarget "getlistble" */;
			buildPhases = (
				84FCFB7C1D5D66E600B5C8D9 /* Sources */,
				84FCFB7D1D5D66E600B5C8D9 /* Frameworks */,
				84FCFB7E1D5D66E600B5C8D9 /* Resources */,
			);
			buildRules = (
			);
			dependencies = (
			);
			name = getlistble;
			productName = getlistble;
			productReference = 84FCFB801D5D66E600B5C8D9 /* getlistble.app */;
			productType = "com.apple.product-type.application";
		};
/* End PBXNativeTarget section */

/* Begin PBXProject section */
		84FCFB781D5D66E600B5C8D9 /* Project object */ = {
			isa = PBXProject;
			attributes = {
				LastSwiftUpdateCheck = 0730;
				LastUpgradeCheck = 0730;
				ORGANIZATIONNAME = HITDEV;
				TargetAttributes = {
					84FCFB7F1D5D66E600B5C8D9 = {
						CreatedOnToolsVersion = 7.3.1;
						DevelopmentTeam = 82B28QUV3G;
					};
				};
			};
			buildConfigurationList = 84FCFB7B1D5D66E600B5C8D9 /* Build configuration list for PBXProject "getlistble" */;
			compatibilityVersion = "Xcode 3.2";
			developmentRegion = English;
			hasScannedForEncodings = 0;
			knownRegions = (
				en,
				Base,
			);
			mainGroup = 84FCFB771D5D66E600B5C8D9;
			productRefGroup = 84FCFB811D5D66E600B5C8D9 /* Products */;
			projectDirPath = "";
			projectRoot = "";
			targets = (
				84FCFB7F1D5D66E600B5C8D9 /* getlistble */,
			);
		};
/* End PBXProject section */

/* Begin PBXResourcesBuildPhase section */
		84FCFB7E1D5D66E600B5C8D9 /* Resources */ = {
			isa = PBXResourcesBuildPhase;
			buildActionMask = 2147483647;
			files = (
				84FCFB8E1D5D66E600B5C8D9 /* LaunchScreen.storyboard in Resources */,
				8495918A1D607ADA0035C811 /* null.jpg in Resources */,
				84FCFB8B1D5D66E600B5C8D9 /* Assets.xcassets in Resources */,
				84348E4B1D66EF16004261EB /* Main.storyboard in Resources */,
			);
			runOnlyForDeploymentPostprocessing = 0;
		};
/* End PBXResourcesBuildPhase section */

/* Begin PBXSourcesBuildPhase section */
		84FCFB7C1D5D66E600B5C8D9 /* Sources */ = {
			isa = PBXSourcesBuildPhase;
			buildActionMask = 2147483647;
			files = (
				84013F6F1D6073A40090909F /* Tag.swift in Sources */,
				84013F6D1D60723A0090909F /* TagTableViewCell.swift in Sources */,
				84FCFB861D5D66E600B5C8D9 /* ViewController.swift in Sources */,
				84FCFB841D5D66E600B5C8D9 /* AppDelegate.swift in Sources */,
			);
			runOnlyForDeploymentPostprocessing = 0;
		};
/* End PBXSourcesBuildPhase section */

/* Begin PBXVariantGroup section */
		84348E491D66EF16004261EB /* Main.storyboard */ = {
			isa = PBXVariantGroup;
			children = (
				84348E4A1D66EF16004261EB /* Base */,
			);
			name = Main.storyboard;
			sourceTree = "<group>";
		};
		84FCFB8C1D5D66E600B5C8D9 /* LaunchScreen.storyboard */ = {
			isa = PBXVariantGroup;
			children = (
				84FCFB8D1D5D66E600B5C8D9 /* Base */,
			);
			name = LaunchScreen.storyboard;
			sourceTree = "<group>";
		};
/* End PBXVariantGroup section */

/* Begin XCBuildConfiguration section */
		84FCFB901D5D66E600B5C8D9 /* Debug */ = {
			isa = XCBuildConfiguration;
			buildSettings = {
				ALWAYS_SEARCH_USER_PATHS = NO;
				CLANG_ANALYZER_NONNULL = YES;
				CLANG_CXX_LANGUAGE_STANDARD = "gnu++0x";
				CLANG_CXX_LIBRARY = "libc++";
				CLANG_ENABLE_MODULES = YES;
				CLANG_ENABLE_OBJC_ARC = YES;
				CLANG_WARN_BOOL_CONVERSION = YES;
				CLANG_WARN_CONSTANT_CONVERSION = YES;
				CLANG_WARN_DIRECT_OBJC_ISA_USAGE = YES_ERROR;
				CLANG_WARN_EMPTY_BODY = YES;
				CLANG_WARN_ENUM_CONVERSION = YES;
				CLANG_WARN_INT_CONVERSION = YES;
				CLANG_WARN_OBJC_ROOT_CLASS = YES_ERROR;
				CLANG_WARN_UNREACHABLE_CODE = YES;
				CLANG_WARN__DUPLICATE_METHOD_MATCH = YES;
				"CODE_SIGN_IDENTITY[sdk=iphoneos*]" = "iPhone Developer";
				COPY_PHASE_STRIP = NO;
				DEBUG_INFORMATION_FORMAT = dwarf;
				ENABLE_STRICT_OBJC_MSGSEND = YES;
				ENABLE_TESTABILITY = YES;
				GCC_C_LANGUAGE_STANDARD = gnu99;
				GCC_DYNAMIC_NO_PIC = NO;
				GCC_NO_COMMON_BLOCKS = YES;
				GCC_OPTIMIZATION_LEVEL = 0;
				GCC_PREPROCESSOR_DEFINITIONS = (
					"DEBUG=1",
					"$(inherited)",
				);
				GCC_WARN_64_TO_32_BIT_CONVERSION = YES;
				GCC_WARN_ABOUT_RETURN_TYPE = YES_ERROR;
				GCC_WARN_UNDECLARED_SELECTOR = YES;
				GCC_WARN_UNINITIALIZED_AUTOS = YES_AGGRESSIVE;
				GCC_WARN_UNUSED_FUNCTION = YES;
				GCC_WARN_UNUSED_VARIABLE = YES;
				IPHONEOS_DEPLOYMENT_TARGET = 9.3;
				MTL_ENABLE_DEBUG_INFO = YES;
				ONLY_ACTIVE_ARCH = YES;
				SDKROOT = iphoneos;
				SWIFT_OPTIMIZATION_LEVEL = "-Onone";
			};
			name = Debug;
		};
		84FCFB911D5D66E600B5C8D9 /* Release */ = {
			isa = XCBuildConfiguration;
			buildSettings = {
				ALWAYS_SEARCH_USER_PATHS = NO;
				CLANG_ANALYZER_NONNULL = YES;
				CLANG_CXX_LANGUAGE_STANDARD = "gnu++0x";
				CLANG_CXX_LIBRARY = "libc++";
				CLANG_ENABLE_MODULES = YES;
				CLANG_ENABLE_OBJC_ARC = YES;
				CLANG_WARN_BOOL_CONVERSION = YES;
				CLANG_WARN_CONSTANT_CONVERSION = YES;
				CLANG_WARN_DIRECT_OBJC_ISA_USAGE = YES_ERROR;
				CLANG_WARN_EMPTY_BODY = YES;
				CLANG_WARN_ENUM_CONVERSION = YES;
				CLANG_WARN_INT_CONVERSION = YES;
				CLANG_WARN_OBJC_ROOT_CLASS = YES_ERROR;
				CLANG_WARN_UNREACHABLE_CODE = YES;
				CLANG_WARN__DUPLICATE_METHOD_MATCH = YES;
				"CODE_SIGN_IDENTITY[sdk=iphoneos*]" = "iPhone Developer";
				COPY_PHASE_STRIP = NO;
				DEBUG_INFORMATION_FORMAT = "dwarf-with-dsym";
				ENABLE_NS_ASSERTIONS = NO;
				ENABLE_STRICT_OBJC_MSGSEND = YES;
				GCC_C_LANGUAGE_STANDARD = gnu99;
				GCC_NO_COMMON_BLOCKS = YES;
				GCC_WARN_64_TO_32_BIT_CONVERSION = YES;
				GCC_WARN_ABOUT_RETURN_TYPE = YES_ERROR;
				GCC_WARN_UNDECLARED_SELECTOR = YES;
				GCC_WARN_UNINITIALIZED_AUTOS = YES_AGGRESSIVE;
				GCC_WARN_UNUSED_FUNCTION = YES;
				GCC_WARN_UNUSED_VARIABLE = YES;
				IPHONEOS_DEPLOYMENT_TARGET = 9.3;
				MTL_ENABLE_DEBUG_INFO = NO;
				SDKROOT = iphoneos;
				VALIDATE_PRODUCT = YES;
			};
			name = Release;
		};
		84FCFB931D5D66E600B5C8D9 /* Debug */ = {
			isa = XCBuildConfiguration;
			buildSettings = {
				ASSETCATALOG_COMPILER_APPICON_NAME = AppIcon;
				CODE_SIGN_IDENTITY = "iPhone Developer";
				"CODE_SIGN_IDENTITY[sdk=iphoneos*]" = "iPhone Developer";
				INFOPLIST_FILE = getlistble/Info.plist;
				LD_RUNPATH_SEARCH_PATHS = "$(inherited) @executable_path/Frameworks";
				PRODUCT_BUNDLE_IDENTIFIER = hitstorevn.com.getlistble;
				PRODUCT_NAME = "$(TARGET_NAME)";
				PROVISIONING_PROFILE = "";
			};
			name = Debug;
		};
		84FCFB941D5D66E600B5C8D9 /* Release */ = {
			isa = XCBuildConfiguration;
			buildSettings = {
				ASSETCATALOG_COMPILER_APPICON_NAME = AppIcon;
				CODE_SIGN_IDENTITY = "iPhone Developer";
				"CODE_SIGN_IDENTITY[sdk=iphoneos*]" = "iPhone Developer";
				INFOPLIST_FILE = getlistble/Info.plist;
				LD_RUNPATH_SEARCH_PATHS = "$(inherited) @executable_path/Frameworks";
				PRODUCT_BUNDLE_IDENTIFIER = hitstorevn.com.getlistble;
				PRODUCT_NAME = "$(TARGET_NAME)";
				PROVISIONING_PROFILE = "";
			};
			name = Release;
		};
/* End XCBuildConfiguration section */

/* Begin XCConfigurationList section */
		84FCFB7B1D5D66E600B5C8D9 /* Build configuration list for PBXProject "getlistble" */ = {
			isa = XCConfigurationList;
			buildConfigurations = (
				84FCFB901D5D66E600B5C8D9 /* Debug */,
				84FCFB911D5D66E600B5C8D9 /* Release */,
			);
			defaultConfigurationIsVisible = 0;
			defaultConfigurationName = Release;
		};
		84FCFB921D5D66E600B5C8D9 /* Build configuration list for PBXNativeTarget "getlistble" */ = {
			isa = XCConfigurationList;
			buildConfigurations = (
				84FCFB931D5D66E600B5C8D9 /* Debug */,
				84FCFB941D5D66E600B5C8D9 /* Release */,
			);
			defaultConfigurationIsVisible = 0;
			defaultConfigurationName = Release;
		};
/* End XCConfigurationList section */
	};
	rootObject = 84FCFB781D5D66E600B5C8D9 /* Project object */;
}
